
Microsoft Visual Studio Solution File, Format Version 12.00
# Visual Studio Version 16
VisualStudioVersion = 16.0.33529.622
MinimumVisualStudioVersion = 10.0.40219.1
Project("{FAE04EC0-301F-11D3-BF4B-00C04F79EFBC}") = "Shapes", "Shapes\Shapes.csproj", "{90D818DA-4754-47D0-896F-D36F436C4A53}"
EndProject
Global
	GlobalSection(SolutionConfigurationPlatforms) = preSolution
		Debug|Any CPU = Debug|Any CPU
		Release|Any CPU = Release|Any CPU
	EndGlobalSection
	GlobalSection(ProjectConfigurationPlatforms) = postSolution
		{90D818DA-4754-47D0-896F-D36F436C4A53}.Debug|Any CPU.ActiveCfg = Debug|Any CPU
		{90D818DA-4754-47D0-896F-D36F436C4A53}.Debug|Any CPU.Build.0 = Debug|Any CPU
		{90D818DA-4754-47D0-896F-D36F436C4A53}.Release|Any CPU.ActiveCfg = Release|Any CPU
		{90D818DA-4754-47D0-896F-D36F436C4A53}.Release|Any CPU.Build.0 = Release|Any CPU
	EndGlobalSection
	GlobalSection(SolutionProperties) = preSolution
		HideSolutionNode = FALSE
	EndGlobalSection
	GlobalSection(ExtensibilityGlobals) = postSolution
		SolutionGuid = {0201AF6B-687B-4C9D-958F-9C728F4A2968}
	EndGlobalSection
EndGlobal
