
Microsoft Visual Studio Solution File, Format Version 12.00
# Visual Studio Version 16
VisualStudioVersion = 16.0.33423.256
MinimumVisualStudioVersion = 10.0.40219.1
Project("{FAE04EC0-301F-11D3-BF4B-00C04F79EFBC}") = "task1", "task1\task1.csproj", "{C0C2315A-F6EF-434D-95CD-845CDCCDDDFF}"
EndProject
Global
	GlobalSection(SolutionConfigurationPlatforms) = preSolution
		Debug|Any CPU = Debug|Any CPU
		Release|Any CPU = Release|Any CPU
	EndGlobalSection
	GlobalSection(ProjectConfigurationPlatforms) = postSolution
		{C0C2315A-F6EF-434D-95CD-845CDCCDDDFF}.Debug|Any CPU.ActiveCfg = Debug|Any CPU
		{C0C2315A-F6EF-434D-95CD-845CDCCDDDFF}.Debug|Any CPU.Build.0 = Debug|Any CPU
		{C0C2315A-F6EF-434D-95CD-845CDCCDDDFF}.Release|Any CPU.ActiveCfg = Release|Any CPU
		{C0C2315A-F6EF-434D-95CD-845CDCCDDDFF}.Release|Any CPU.Build.0 = Release|Any CPU
	EndGlobalSection
	GlobalSection(SolutionProperties) = preSolution
		HideSolutionNode = FALSE
	EndGlobalSection
	GlobalSection(ExtensibilityGlobals) = postSolution
		SolutionGuid = {CDF1F914-9EA7-47D7-8267-84B62DC098B8}
	EndGlobalSection
EndGlobal
