
Microsoft Visual Studio Solution File, Format Version 12.00
# Visual Studio Version 16
VisualStudioVersion = 16.0.33801.447
MinimumVisualStudioVersion = 10.0.40219.1
Project("{FAE04EC0-301F-11D3-BF4B-00C04F79EFBC}") = "ok_fom", "ok_fom\ok_fom.csproj", "{DA8791E1-21DA-49FD-BE8D-7AC03FE0963F}"
EndProject
Global
	GlobalSection(SolutionConfigurationPlatforms) = preSolution
		Debug|Any CPU = Debug|Any CPU
		Release|Any CPU = Release|Any CPU
	EndGlobalSection
	GlobalSection(ProjectConfigurationPlatforms) = postSolution
		{DA8791E1-21DA-49FD-BE8D-7AC03FE0963F}.Debug|Any CPU.ActiveCfg = Debug|Any CPU
		{DA8791E1-21DA-49FD-BE8D-7AC03FE0963F}.Debug|Any CPU.Build.0 = Debug|Any CPU
		{DA8791E1-21DA-49FD-BE8D-7AC03FE0963F}.Release|Any CPU.ActiveCfg = Release|Any CPU
		{DA8791E1-21DA-49FD-BE8D-7AC03FE0963F}.Release|Any CPU.Build.0 = Release|Any CPU
	EndGlobalSection
	GlobalSection(SolutionProperties) = preSolution
		HideSolutionNode = FALSE
	EndGlobalSection
	GlobalSection(ExtensibilityGlobals) = postSolution
		SolutionGuid = {C7DF7111-7FE4-46E4-8483-C418EA5F0E6B}
	EndGlobalSection
EndGlobal
