
Microsoft Visual Studio Solution File, Format Version 12.00
# Visual Studio Version 16
VisualStudioVersion = 16.0.33423.256
MinimumVisualStudioVersion = 10.0.40219.1
Project("{FAE04EC0-301F-11D3-BF4B-00C04F79EFBC}") = "PD-4(Game)", "PD-4(Game)\PD-4(Game).csproj", "{3B61764B-81D6-43E7-8B28-918E38EED9FC}"
EndProject
Global
	GlobalSection(SolutionConfigurationPlatforms) = preSolution
		Debug|Any CPU = Debug|Any CPU
		Release|Any CPU = Release|Any CPU
	EndGlobalSection
	GlobalSection(ProjectConfigurationPlatforms) = postSolution
		{3B61764B-81D6-43E7-8B28-918E38EED9FC}.Debug|Any CPU.ActiveCfg = Debug|Any CPU
		{3B61764B-81D6-43E7-8B28-918E38EED9FC}.Debug|Any CPU.Build.0 = Debug|Any CPU
		{3B61764B-81D6-43E7-8B28-918E38EED9FC}.Release|Any CPU.ActiveCfg = Release|Any CPU
		{3B61764B-81D6-43E7-8B28-918E38EED9FC}.Release|Any CPU.Build.0 = Release|Any CPU
	EndGlobalSection
	GlobalSection(SolutionProperties) = preSolution
		HideSolutionNode = FALSE
	EndGlobalSection
	GlobalSection(ExtensibilityGlobals) = postSolution
		SolutionGuid = {8D2CD2CF-3EC7-4D2C-BDF6-02067C3B9BFE}
	EndGlobalSection
EndGlobal
