
Microsoft Visual Studio Solution File, Format Version 12.00
# Visual Studio Version 16
VisualStudioVersion = 16.0.33801.447
MinimumVisualStudioVersion = 10.0.40219.1
Project("{FAE04EC0-301F-11D3-BF4B-00C04F79EFBC}") = "ok_game", "ok_game\ok_game.csproj", "{6539408A-1BBB-4110-9D99-372B23DB2E93}"
EndProject
Global
	GlobalSection(SolutionConfigurationPlatforms) = preSolution
		Debug|Any CPU = Debug|Any CPU
		Release|Any CPU = Release|Any CPU
	EndGlobalSection
	GlobalSection(ProjectConfigurationPlatforms) = postSolution
		{6539408A-1BBB-4110-9D99-372B23DB2E93}.Debug|Any CPU.ActiveCfg = Debug|Any CPU
		{6539408A-1BBB-4110-9D99-372B23DB2E93}.Debug|Any CPU.Build.0 = Debug|Any CPU
		{6539408A-1BBB-4110-9D99-372B23DB2E93}.Release|Any CPU.ActiveCfg = Release|Any CPU
		{6539408A-1BBB-4110-9D99-372B23DB2E93}.Release|Any CPU.Build.0 = Release|Any CPU
	EndGlobalSection
	GlobalSection(SolutionProperties) = preSolution
		HideSolutionNode = FALSE
	EndGlobalSection
	GlobalSection(ExtensibilityGlobals) = postSolution
		SolutionGuid = {2C19717C-1BD9-4A52-8A9A-C23E80E41604}
	EndGlobalSection
EndGlobal
